Microsoft Visual Studio Solution File, Format Version 11.00
# Visual Studio 2008

Project("{739FAF8D-BEE9-9D1B-CB73-3C3AFB6B3538}") = "Gas Mask Pony", "Assembly-CSharp-firstpass.csproj", "{93BE5186-5464-C4D8-B9A0-E12C3EA46591}"
EndProject
Project("{739FAF8D-BEE9-9D1B-CB73-3C3AFB6B3538}") = "Gas Mask Pony", "Assembly-CSharp-Editor.csproj", "{E6575797-6429-B316-8209-636FD0A4865A}"
EndProject
Global
	GlobalSection(SolutionConfigurationPlatforms) = preSolution
		Debug|Any CPU = Debug|Any CPU
		Release|Any CPU = Release|Any CPU
	EndGlobalSection
	GlobalSection(ProjectConfigurationPlatforms) = postSolution
		{93BE5186-5464-C4D8-B9A0-E12C3EA46591}.Debug|Any CPU.ActiveCfg = Debug|Any CPU
		{93BE5186-5464-C4D8-B9A0-E12C3EA46591}.Debug|Any CPU.Build.0 = Debug|Any CPU
		{93BE5186-5464-C4D8-B9A0-E12C3EA46591}.Release|Any CPU.ActiveCfg = Release|Any CPU
		{93BE5186-5464-C4D8-B9A0-E12C3EA46591}.Release|Any CPU.Build.0 = Release|Any CPU
		{E6575797-6429-B316-8209-636FD0A4865A}.Debug|Any CPU.ActiveCfg = Debug|Any CPU
		{E6575797-6429-B316-8209-636FD0A4865A}.Debug|Any CPU.Build.0 = Debug|Any CPU
		{E6575797-6429-B316-8209-636FD0A4865A}.Release|Any CPU.ActiveCfg = Release|Any CPU
		{E6575797-6429-B316-8209-636FD0A4865A}.Release|Any CPU.Build.0 = Release|Any CPU
	EndGlobalSection
	GlobalSection(SolutionProperties) = preSolution
		HideSolutionNode = FALSE
	EndGlobalSection
	GlobalSection(MonoDevelopProperties) = preSolution
		StartupItem = Assembly-CSharp.csproj
	EndGlobalSection
EndGlobal
